
Microsoft Visual Studio Solution File, Format Version 12.00
# Visual Studio Version 16
VisualStudioVersion = 16.0.31129.286
MinimumVisualStudioVersion = 10.0.40219.1
Project("{9A19103F-16F7-4668-BE54-9A1E7A4F7556}") = "CShildt", "CShildt\CShildt.csproj", "{35B148D2-8513-443F-9BB0-C3BA88AECD30}"
EndProject
Project("{FAE04EC0-301F-11D3-BF4B-00C04F79EFBC}") = "CShield3", "CShield3\CShield3.csproj", "{0AC23501-5A74-40F8-8C3C-38A9CA86149A}"
EndProject
Global
	GlobalSection(SolutionConfigurationPlatforms) = preSolution
		Debug|Any CPU = Debug|Any CPU
		Release|Any CPU = Release|Any CPU
	EndGlobalSection
	GlobalSection(ProjectConfigurationPlatforms) = postSolution
		{35B148D2-8513-443F-9BB0-C3BA88AECD30}.Debug|Any CPU.ActiveCfg = Debug|Any CPU
		{35B148D2-8513-443F-9BB0-C3BA88AECD30}.Debug|Any CPU.Build.0 = Debug|Any CPU
		{35B148D2-8513-443F-9BB0-C3BA88AECD30}.Release|Any CPU.ActiveCfg = Release|Any CPU
		{35B148D2-8513-443F-9BB0-C3BA88AECD30}.Release|Any CPU.Build.0 = Release|Any CPU
		{0AC23501-5A74-40F8-8C3C-38A9CA86149A}.Debug|Any CPU.ActiveCfg = Debug|Any CPU
		{0AC23501-5A74-40F8-8C3C-38A9CA86149A}.Debug|Any CPU.Build.0 = Debug|Any CPU
		{0AC23501-5A74-40F8-8C3C-38A9CA86149A}.Release|Any CPU.ActiveCfg = Release|Any CPU
		{0AC23501-5A74-40F8-8C3C-38A9CA86149A}.Release|Any CPU.Build.0 = Release|Any CPU
	EndGlobalSection
	GlobalSection(SolutionProperties) = preSolution
		HideSolutionNode = FALSE
	EndGlobalSection
	GlobalSection(ExtensibilityGlobals) = postSolution
		SolutionGuid = {EFCB2414-D0B3-42A4-A286-3A2EA18C1CEF}
	EndGlobalSection
EndGlobal
